<?xml version="1.0" encoding="utf-8"?>
<Project ToolsVersion="4.0" xmlns="http://schemas.microsoft.com/developer/msbuild/2003">
  <ItemGroup>
    <Filter Include="Source Files">
      <UniqueIdentifier>{4cfdc740-17ef-47a2-bfbe-07863c8bd197}</UniqueIdentifier>
      <Extensions>cpp;c;cxx;rc;def;r;odl;idl;hpj;bat</Extensions>
    </Filter>
    <Filter Include="Source Files\HGE">
      <UniqueIdentifier>{943ff8a9-65ca-45ad-aeb1-642a9046ef98}</UniqueIdentifier>
    </Filter>
    <Filter Include="Header Files">
      <UniqueIdentifier>{acf66793-be94-441c-9632-4c7ad35f1d38}</UniqueIdentifier>
      <Extensions>h;hpp;hxx;hm;inl</Extensions>
    </Filter>
    <Filter Include="Header Files\HGE">
      <UniqueIdentifier>{739f98cf-f0be-4d98-8499-de332f315407}</UniqueIdentifier>
    </Filter>
    <Filter Include="Misc">
      <UniqueIdentifier>{0d0f6b32-55c5-470e-ab81-b0b92f5b664b}</UniqueIdentifier>
    </Filter>
    <Filter Include="Unzip">
      <UniqueIdentifier>{7cde0c88-833d-4df0-ab13-6951088063e7}</UniqueIdentifier>
    </Filter>
    <Filter Include="TinyXML">
      <UniqueIdentifier>{6726291a-b75e-40ea-b193-8d246005e688}</UniqueIdentifier>
    </Filter>
    <Filter Include="Box2D">
      <UniqueIdentifier>{024bace0-e271-4118-8860-4929ef5ec433}</UniqueIdentifier>
    </Filter>
  </ItemGroup>
  <ItemGroup>
    <ClCompile Include="src\Encoding.cpp">
      <Filter>Source Files</Filter>
    </ClCompile>
    <ClCompile Include="src\JAnimator.cpp">
      <Filter>Source Files</Filter>
    </ClCompile>
    <ClCompile Include="src\JApp.cpp">
      <Filter>Source Files</Filter>
    </ClCompile>
    <ClCompile Include="src\JDistortionMesh.cpp">
      <Filter>Source Files</Filter>
    </ClCompile>
    <ClCompile Include="src\JFileSystem.cpp">
      <Filter>Source Files</Filter>
    </ClCompile>
    <ClCompile Include="src\JGameObject.cpp">
      <Filter>Source Files</Filter>
    </ClCompile>
    <ClCompile Include="src\JGBKFont.cpp">
      <Filter>Source Files</Filter>
    </ClCompile>
    <ClCompile Include="src\JGE.cpp">
      <Filter>Source Files</Filter>
    </ClCompile>
    <ClCompile Include="src\JGui.cpp">
      <Filter>Source Files</Filter>
    </ClCompile>
    <ClCompile Include="src\JInputSystem.cpp">
      <Filter>Source Files</Filter>
    </ClCompile>
    <ClCompile Include="src\JLBFont.cpp">
      <Filter>Source Files</Filter>
    </ClCompile>
    <ClCompile Include="src\JMD2Model.cpp">
      <Filter>Source Files</Filter>
    </ClCompile>
    <ClCompile Include="src\JOBJModel.cpp">
      <Filter>Source Files</Filter>
    </ClCompile>
    <ClCompile Include="src\JParticle.cpp">
      <Filter>Source Files</Filter>
    </ClCompile>
    <ClCompile Include="src\JParticleEffect.cpp">
      <Filter>Source Files</Filter>
    </ClCompile>
    <ClCompile Include="src\JParticleEmitter.cpp">
      <Filter>Source Files</Filter>
    </ClCompile>
    <ClCompile Include="src\JParticleSystem.cpp">
      <Filter>Source Files</Filter>
    </ClCompile>
    <ClCompile Include="src\win\JRenderer_Win.cpp">
      <Filter>Source Files</Filter>
    </ClCompile>
    <ClCompile Include="src\JResourceManager.cpp">
      <Filter>Source Files</Filter>
    </ClCompile>
    <ClCompile Include="src\win\JSoundSystem_Win.cpp">
      <Filter>Source Files</Filter>
    </ClCompile>
    <ClCompile Include="src\JSpline.cpp">
      <Filter>Source Files</Filter>
    </ClCompile>
    <ClCompile Include="src\JSprite.cpp">
      <Filter>Source Files</Filter>
    </ClCompile>
    <ClCompile Include="src\JTTFont.cpp">
      <Filter>Source Files</Filter>
    </ClCompile>
    <ClCompile Include="src\Vector2D.cpp">
      <Filter>Source Files</Filter>
    </ClCompile>
    <ClCompile Include="src\winmain.cpp">
      <Filter>Source Files</Filter>
    </ClCompile>
    <ClCompile Include="src\hge\hgecolor.cpp">
      <Filter>Source Files\HGE</Filter>
    </ClCompile>
    <ClCompile Include="src\hge\hgedistort.cpp">
      <Filter>Source Files\HGE</Filter>
    </ClCompile>
    <ClCompile Include="src\hge\hgefont.cpp">
      <Filter>Source Files\HGE</Filter>
    </ClCompile>
    <ClCompile Include="src\hge\hgeparticle.cpp">
      <Filter>Source Files\HGE</Filter>
    </ClCompile>
    <ClCompile Include="src\hge\hgepmanager.cpp">
      <Filter>Source Files\HGE</Filter>
    </ClCompile>
    <ClCompile Include="src\hge\hgerect.cpp">
      <Filter>Source Files\HGE</Filter>
    </ClCompile>
    <ClCompile Include="src\hge\hgevector.cpp">
      <Filter>Source Files\HGE</Filter>
    </ClCompile>
    <ClCompile Include="src\unzip\ioapi.c">
      <Filter>Unzip</Filter>
    </ClCompile>
    <ClCompile Include="src\unzip\mztools.c">
      <Filter>Unzip</Filter>
    </ClCompile>
    <ClCompile Include="src\unzip\unzip.c">
      <Filter>Unzip</Filter>
    </ClCompile>
    <ClCompile Include="src\tinyxml\tinystr.cpp">
      <Filter>TinyXML</Filter>
    </ClCompile>
    <ClCompile Include="src\tinyxml\tinyxml.cpp">
      <Filter>TinyXML</Filter>
    </ClCompile>
    <ClCompile Include="src\tinyxml\tinyxmlerror.cpp">
      <Filter>TinyXML</Filter>
    </ClCompile>
    <ClCompile Include="src\tinyxml\tinyxmlparser.cpp">
      <Filter>TinyXML</Filter>
    </ClCompile>
    <ClCompile Include="box2d\Source\Common\b2BlockAllocator.cpp">
      <Filter>Box2D</Filter>
    </ClCompile>
    <ClCompile Include="box2d\Source\Dynamics\b2Body.cpp">
      <Filter>Box2D</Filter>
    </ClCompile>
    <ClCompile Include="box2d\Source\Collision\b2BroadPhase.cpp">
      <Filter>Box2D</Filter>
    </ClCompile>
    <ClCompile Include="box2d\Source\Dynamics\Contacts\b2CircleContact.cpp">
      <Filter>Box2D</Filter>
    </ClCompile>
    <ClCompile Include="box2d\Source\Collision\b2CollideCircle.cpp">
      <Filter>Box2D</Filter>
    </ClCompile>
    <ClCompile Include="box2d\Source\Collision\b2CollidePoly.cpp">
      <Filter>Box2D</Filter>
    </ClCompile>
    <ClCompile Include="box2d\Source\Dynamics\Contacts\b2Contact.cpp">
      <Filter>Box2D</Filter>
    </ClCompile>
    <ClCompile Include="box2d\Source\Dynamics\b2ContactManager.cpp">
      <Filter>Box2D</Filter>
    </ClCompile>
    <ClCompile Include="box2d\Source\Dynamics\Contacts\b2ContactSolver.cpp">
      <Filter>Box2D</Filter>
    </ClCompile>
    <ClCompile Include="box2d\Source\Collision\b2Distance.cpp">
      <Filter>Box2D</Filter>
    </ClCompile>
    <ClCompile Include="box2d\Source\Dynamics\Joints\b2DistanceJoint.cpp">
      <Filter>Box2D</Filter>
    </ClCompile>
    <ClCompile Include="box2d\Source\Dynamics\Joints\b2GearJoint.cpp">
      <Filter>Box2D</Filter>
    </ClCompile>
    <ClCompile Include="box2d\Source\Dynamics\b2Island.cpp">
      <Filter>Box2D</Filter>
    </ClCompile>
    <ClCompile Include="box2d\Source\Dynamics\Joints\b2Joint.cpp">
      <Filter>Box2D</Filter>
    </ClCompile>
    <ClCompile Include="box2d\Source\Dynamics\Joints\b2MouseJoint.cpp">
      <Filter>Box2D</Filter>
    </ClCompile>
    <ClCompile Include="box2d\Source\Collision\b2PairManager.cpp">
      <Filter>Box2D</Filter>
    </ClCompile>
    <ClCompile Include="box2d\Source\Dynamics\Contacts\b2PolyAndCircleContact.cpp">
      <Filter>Box2D</Filter>
    </ClCompile>
    <ClCompile Include="box2d\Source\Dynamics\Contacts\b2PolyContact.cpp">
      <Filter>Box2D</Filter>
    </ClCompile>
    <ClCompile Include="box2d\Source\Dynamics\Joints\b2PrismaticJoint.cpp">
      <Filter>Box2D</Filter>
    </ClCompile>
    <ClCompile Include="box2d\Source\Dynamics\Joints\b2PulleyJoint.cpp">
      <Filter>Box2D</Filter>
    </ClCompile>
    <ClCompile Include="box2d\Source\Dynamics\Joints\b2RevoluteJoint.cpp">
      <Filter>Box2D</Filter>
    </ClCompile>
    <ClCompile Include="box2d\Source\Common\b2Settings.cpp">
      <Filter>Box2D</Filter>
    </ClCompile>
    <ClCompile Include="box2d\Source\Collision\b2Shape.cpp">
      <Filter>Box2D</Filter>
    </ClCompile>
    <ClCompile Include="box2d\Source\Common\b2StackAllocator.cpp">
      <Filter>Box2D</Filter>
    </ClCompile>
    <ClCompile Include="box2d\Source\Dynamics\b2World.cpp">
      <Filter>Box2D</Filter>
    </ClCompile>
  </ItemGroup>
  <ItemGroup>
    <ClInclude Include="include\decoder_prx.h">
      <Filter>Header Files</Filter>
    </ClInclude>
    <ClInclude Include="include\Encoding.h">
      <Filter>Header Files</Filter>
    </ClInclude>
    <ClInclude Include="include\JAnimator.h">
      <Filter>Header Files</Filter>
    </ClInclude>
    <ClInclude Include="include\JApp.h">
      <Filter>Header Files</Filter>
    </ClInclude>
    <ClInclude Include="include\JAssert.h">
      <Filter>Header Files</Filter>
    </ClInclude>
    <ClInclude Include="include\JAudio.h">
      <Filter>Header Files</Filter>
    </ClInclude>
    <ClInclude Include="include\JDistortionMesh.h">
      <Filter>Header Files</Filter>
    </ClInclude>
    <ClInclude Include="include\JFileSystem.h">
      <Filter>Header Files</Filter>
    </ClInclude>
    <ClInclude Include="include\JGameLauncher.h">
      <Filter>Header Files</Filter>
    </ClInclude>
    <ClInclude Include="include\JGameObject.h">
      <Filter>Header Files</Filter>
    </ClInclude>
    <ClInclude Include="include\JGBKFont.h">
      <Filter>Header Files</Filter>
    </ClInclude>
    <ClInclude Include="include\JGE.h">
      <Filter>Header Files</Filter>
    </ClInclude>
    <ClInclude Include="include\JGui.h">
      <Filter>Header Files</Filter>
    </ClInclude>
    <ClInclude Include="include\JInputSystem.h">
      <Filter>Header Files</Filter>
    </ClInclude>
    <ClInclude Include="include\JLBFont.h">
      <Filter>Header Files</Filter>
    </ClInclude>
    <ClInclude Include="include\JMD2Model.h">
      <Filter>Header Files</Filter>
    </ClInclude>
    <ClInclude Include="include\JOBJModel.h">
      <Filter>Header Files</Filter>
    </ClInclude>
    <ClInclude Include="include\JParticle.h">
      <Filter>Header Files</Filter>
    </ClInclude>
    <ClInclude Include="include\JParticleEffect.h">
      <Filter>Header Files</Filter>
    </ClInclude>
    <ClInclude Include="include\JParticleEmitter.h">
      <Filter>Header Files</Filter>
    </ClInclude>
    <ClInclude Include="include\JParticleSystem.h">
      <Filter>Header Files</Filter>
    </ClInclude>
    <ClInclude Include="include\JRenderer.h">
      <Filter>Header Files</Filter>
    </ClInclude>
    <ClInclude Include="include\JResourceManager.h">
      <Filter>Header Files</Filter>
    </ClInclude>
    <ClInclude Include="include\JSoundSystem.h">
      <Filter>Header Files</Filter>
    </ClInclude>
    <ClInclude Include="include\JSpline.h">
      <Filter>Header Files</Filter>
    </ClInclude>
    <ClInclude Include="include\JSprite.h">
      <Filter>Header Files</Filter>
    </ClInclude>
    <ClInclude Include="include\JTTFont.h">
      <Filter>Header Files</Filter>
    </ClInclude>
    <ClInclude Include="include\JTypes.h">
      <Filter>Header Files</Filter>
    </ClInclude>
    <ClInclude Include="include\Vector2D.h">
      <Filter>Header Files</Filter>
    </ClInclude>
    <ClInclude Include="include\Vector3D.h">
      <Filter>Header Files</Filter>
    </ClInclude>
    <ClInclude Include="include\vram.h">
      <Filter>Header Files</Filter>
    </ClInclude>
    <ClInclude Include="include\hge\hgecolor.h">
      <Filter>Header Files\HGE</Filter>
    </ClInclude>
    <ClInclude Include="include\hge\hgedistort.h">
      <Filter>Header Files\HGE</Filter>
    </ClInclude>
    <ClInclude Include="include\hge\hgefont.h">
      <Filter>Header Files\HGE</Filter>
    </ClInclude>
    <ClInclude Include="include\hge\hgeparticle.h">
      <Filter>Header Files\HGE</Filter>
    </ClInclude>
    <ClInclude Include="include\hge\hgerect.h">
      <Filter>Header Files\HGE</Filter>
    </ClInclude>
    <ClInclude Include="include\hge\hgevector.h">
      <Filter>Header Files\HGE</Filter>
    </ClInclude>
    <ClInclude Include="src\unzip\crypt.h">
      <Filter>Unzip</Filter>
    </ClInclude>
    <ClInclude Include="src\unzip\ioapi.h">
      <Filter>Unzip</Filter>
    </ClInclude>
    <ClInclude Include="src\unzip\mztools.h">
      <Filter>Unzip</Filter>
    </ClInclude>
    <ClInclude Include="src\unzip\unzip.h">
      <Filter>Unzip</Filter>
    </ClInclude>
    <ClInclude Include="src\tinyxml\tinystr.h">
      <Filter>TinyXML</Filter>
    </ClInclude>
    <ClInclude Include="src\tinyxml\tinyxml.h">
      <Filter>TinyXML</Filter>
    </ClInclude>
    <ClInclude Include="box2d\Source\Common\b2BlockAllocator.h">
      <Filter>Box2D</Filter>
    </ClInclude>
    <ClInclude Include="box2d\Source\Dynamics\b2Body.h">
      <Filter>Box2D</Filter>
    </ClInclude>
    <ClInclude Include="box2d\Source\Collision\b2BroadPhase.h">
      <Filter>Box2D</Filter>
    </ClInclude>
    <ClInclude Include="box2d\Source\Dynamics\Contacts\b2CircleContact.h">
      <Filter>Box2D</Filter>
    </ClInclude>
    <ClInclude Include="box2d\Source\Collision\b2Collision.h">
      <Filter>Box2D</Filter>
    </ClInclude>
    <ClInclude Include="box2d\Source\Dynamics\Contacts\b2Contact.h">
      <Filter>Box2D</Filter>
    </ClInclude>
    <ClInclude Include="box2d\Source\Dynamics\b2ContactManager.h">
      <Filter>Box2D</Filter>
    </ClInclude>
    <ClInclude Include="box2d\Source\Dynamics\Contacts\b2ContactSolver.h">
      <Filter>Box2D</Filter>
    </ClInclude>
    <ClInclude Include="box2d\Source\Dynamics\Joints\b2DistanceJoint.h">
      <Filter>Box2D</Filter>
    </ClInclude>
    <ClInclude Include="box2d\Source\Dynamics\Joints\b2GearJoint.h">
      <Filter>Box2D</Filter>
    </ClInclude>
    <ClInclude Include="box2d\Source\Dynamics\b2Island.h">
      <Filter>Box2D</Filter>
    </ClInclude>
    <ClInclude Include="box2d\Source\Dynamics\Joints\b2Joint.h">
      <Filter>Box2D</Filter>
    </ClInclude>
    <ClInclude Include="box2d\Source\Common\b2Math.h">
      <Filter>Box2D</Filter>
    </ClInclude>
    <ClInclude Include="box2d\Source\Dynamics\Joints\b2MouseJoint.h">
      <Filter>Box2D</Filter>
    </ClInclude>
    <ClInclude Include="box2d\Source\Dynamics\Contacts\b2NullContact.h">
      <Filter>Box2D</Filter>
    </ClInclude>
    <ClInclude Include="box2d\Source\Collision\b2PairManager.h">
      <Filter>Box2D</Filter>
    </ClInclude>
    <ClInclude Include="box2d\Source\Dynamics\Contacts\b2PolyAndCircleContact.h">
      <Filter>Box2D</Filter>
    </ClInclude>
    <ClInclude Include="box2d\Source\Dynamics\Contacts\b2PolyContact.h">
      <Filter>Box2D</Filter>
    </ClInclude>
    <ClInclude Include="box2d\Source\Dynamics\Joints\b2PrismaticJoint.h">
      <Filter>Box2D</Filter>
    </ClInclude>
    <ClInclude Include="box2d\Source\Dynamics\Joints\b2PulleyJoint.h">
      <Filter>Box2D</Filter>
    </ClInclude>
    <ClInclude Include="box2d\Source\Dynamics\Joints\b2RevoluteJoint.h">
      <Filter>Box2D</Filter>
    </ClInclude>
    <ClInclude Include="box2d\Source\Common\b2Settings.h">
      <Filter>Box2D</Filter>
    </ClInclude>
    <ClInclude Include="box2d\Source\Collision\b2Shape.h">
      <Filter>Box2D</Filter>
    </ClInclude>
    <ClInclude Include="box2d\Source\Common\b2StackAllocator.h">
      <Filter>Box2D</Filter>
    </ClInclude>
    <ClInclude Include="box2d\Source\Dynamics\b2World.h">
      <Filter>Box2D</Filter>
    </ClInclude>
    <ClInclude Include="box2d\Source\Dynamics\b2WorldCallbacks.h">
      <Filter>Box2D</Filter>
    </ClInclude>
    <ClInclude Include="box2d\Include\Box2D.h">
      <Filter>Box2D</Filter>
    </ClInclude>
  </ItemGroup>
  <ItemGroup>
    <None Include="Makefile">
      <Filter>Misc</Filter>
    </None>
    <None Include="Makefile.1xx">
      <Filter>Misc</Filter>
    </None>
    <None Include="Makefile.3xx">
      <Filter>Misc</Filter>
    </None>
    <None Include="Makefile.hge">
      <Filter>Misc</Filter>
    </None>
    <None Include="readme.txt">
      <Filter>Misc</Filter>
    </None>
    <None Include="..\Tutorials\02.RenderingImages\Images.sln" />
  </ItemGroup>
</Project>